
Microsoft Visual Studio Solution File, Format Version 12.00
# Visual Studio Version 16
VisualStudioVersion = 16.0.30225.117
MinimumVisualStudioVersion = 10.0.40219.1
Project("{FAE04EC0-301F-11D3-BF4B-00C04F79EFBC}") = "AssignmentAbstract", "AssignmentAbstract\AssignmentAbstract.csproj", "{679B0829-049E-48C0-83A4-CDEF7031019A}"
EndProject
Global
	GlobalSection(SolutionConfigurationPlatforms) = preSolution
		Debug|Any CPU = Debug|Any CPU
		Release|Any CPU = Release|Any CPU
	EndGlobalSection
	GlobalSection(ProjectConfigurationPlatforms) = postSolution
		{679B0829-049E-48C0-83A4-CDEF7031019A}.Debug|Any CPU.ActiveCfg = Debug|Any CPU
		{679B0829-049E-48C0-83A4-CDEF7031019A}.Debug|Any CPU.Build.0 = Debug|Any CPU
		{679B0829-049E-48C0-83A4-CDEF7031019A}.Release|Any CPU.ActiveCfg = Release|Any CPU
		{679B0829-049E-48C0-83A4-CDEF7031019A}.Release|Any CPU.Build.0 = Release|Any CPU
	EndGlobalSection
	GlobalSection(SolutionProperties) = preSolution
		HideSolutionNode = FALSE
	EndGlobalSection
	GlobalSection(ExtensibilityGlobals) = postSolution
		SolutionGuid = {CC964DAA-8547-4E8B-A0F2-2CAD6AD5212B}
	EndGlobalSection
EndGlobal
